// !$*UTF8*$!
{
	archiveVersion = 1;
	classes = {
	};
	objectVersion = 48;
	objects = {

/* Begin PBXBuildFile section */
		E7EE0A4D4904808EBF76ECC6 /* Pods_TimeTracker.framework in Frameworks */ = {isa = PBXBuildFile; fileRef = 6F35DF715F63A41D7338B1BD /* Pods_TimeTracker.framework */; };
		F61F088F222560BB00BF4E76 /* Task.swift in Sources */ = {isa = PBXBuildFile; fileRef = F61F088E222560BB00BF4E76 /* Task.swift */; };
		F6A96F4421C921BE00DC0C66 /* AppDelegate.swift in Sources */ = {isa = PBXBuildFile; fileRef = F6A96F4321C921BE00DC0C66 /* AppDelegate.swift */; };
		F6A96F4621C921BE00DC0C66 /* MenuViewController.swift in Sources */ = {isa = PBXBuildFile; fileRef = F6A96F4521C921BE00DC0C66 /* MenuViewController.swift */; };
		F6A96F4921C921BE00DC0C66 /* Main.storyboard in Resources */ = {isa = PBXBuildFile; fileRef = F6A96F4721C921BE00DC0C66 /* Main.storyboard */; };
		F6A96F4B21C921BE00DC0C66 /* Assets.xcassets in Resources */ = {isa = PBXBuildFile; fileRef = F6A96F4A21C921BE00DC0C66 /* Assets.xcassets */; };
		F6A96F4E21C921BE00DC0C66 /* LaunchScreen.storyboard in Resources */ = {isa = PBXBuildFile; fileRef = F6A96F4C21C921BE00DC0C66 /* LaunchScreen.storyboard */; };
		F6E7ACB921F394E500AB8D28 /* TimerViewController.swift in Sources */ = {isa = PBXBuildFile; fileRef = F6E7ACB821F394E500AB8D28 /* TimerViewController.swift */; };
/* End PBXBuildFile section */

/* Begin PBXFileReference section */
		0A243273930487DE5DA7EADB /* Pods-TimeTracker.release.xcconfig */ = {isa = PBXFileReference; includeInIndex = 1; lastKnownFileType = text.xcconfig; name = "Pods-TimeTracker.release.xcconfig"; path = "Target Support Files/Pods-TimeTracker/Pods-TimeTracker.release.xcconfig"; sourceTree = "<group>"; };
		6F35DF715F63A41D7338B1BD /* Pods_TimeTracker.framework */ = {isa = PBXFileReference; explicitFileType = wrapper.framework; includeInIndex = 0; path = Pods_TimeTracker.framework; sourceTree = BUILT_PRODUCTS_DIR; };
		F394A65AC16FE00BCB0664C1 /* Pods-TimeTracker.debug.xcconfig */ = {isa = PBXFileReference; includeInIndex = 1; lastKnownFileType = text.xcconfig; name = "Pods-TimeTracker.debug.xcconfig"; path = "Target Support Files/Pods-TimeTracker/Pods-TimeTracker.debug.xcconfig"; sourceTree = "<group>"; };
		F61F088E222560BB00BF4E76 /* Task.swift */ = {isa = PBXFileReference; lastKnownFileType = sourcecode.swift; path = Task.swift; sourceTree = "<group>"; };
		F6A96F4021C921BE00DC0C66 /* TimeTracker.app */ = {isa = PBXFileReference; explicitFileType = wrapper.application; includeInIndex = 0; path = TimeTracker.app; sourceTree = BUILT_PRODUCTS_DIR; };
		F6A96F4321C921BE00DC0C66 /* AppDelegate.swift */ = {isa = PBXFileReference; lastKnownFileType = sourcecode.swift; path = AppDelegate.swift; sourceTree = "<group>"; };
		F6A96F4521C921BE00DC0C66 /* MenuViewController.swift */ = {isa = PBXFileReference; lastKnownFileType = sourcecode.swift; path = MenuViewController.swift; sourceTree = "<group>"; };
		F6A96F4821C921BE00DC0C66 /* Base */ = {isa = PBXFileReference; lastKnownFileType = file.storyboard; name = Base; path = Base.lproj/Main.storyboard; sourceTree = "<group>"; };
		F6A96F4A21C921BE00DC0C66 /* Assets.xcassets */ = {isa = PBXFileReference; lastKnownFileType = folder.assetcatalog; path = Assets.xcassets; sourceTree = "<group>"; };
		F6A96F4D21C921BE00DC0C66 /* Base */ = {isa = PBXFileReference; lastKnownFileType = file.storyboard; name = Base; path = Base.lproj/LaunchScreen.storyboard; sourceTree = "<group>"; };
		F6A96F4F21C921BE00DC0C66 /* Info.plist */ = {isa = PBXFileReference; lastKnownFileType = text.plist.xml; path = Info.plist; sourceTree = "<group>"; };
		F6E7ACB821F394E500AB8D28 /* TimerViewController.swift */ = {isa = PBXFileReference; lastKnownFileType = sourcecode.swift; path = TimerViewController.swift; sourceTree = "<group>"; };
/* End PBXFileReference section */

/* Begin PBXFrameworksBuildPhase section */
		F6A96F3D21C921BE00DC0C66 /* Frameworks */ = {
			isa = PBXFrameworksBuildPhase;
			buildActionMask = 2147483647;
			files = (
				E7EE0A4D4904808EBF76ECC6 /* Pods_TimeTracker.framework in Frameworks */,
			);
			runOnlyForDeploymentPostprocessing = 0;
		};
/* End PBXFrameworksBuildPhase section */

/* Begin PBXGroup section */
		166A64008384B2FEE00DE14E /* Frameworks */ = {
			isa = PBXGroup;
			children = (
				6F35DF715F63A41D7338B1BD /* Pods_TimeTracker.framework */,
			);
			name = Frameworks;
			sourceTree = "<group>";
		};
		8B91F34775E7458C6C6632AA /* Pods */ = {
			isa = PBXGroup;
			children = (
				F394A65AC16FE00BCB0664C1 /* Pods-TimeTracker.debug.xcconfig */,
				0A243273930487DE5DA7EADB /* Pods-TimeTracker.release.xcconfig */,
			);
			path = Pods;
			sourceTree = "<group>";
		};
		F61F088D2225608B00BF4E76 /* Model */ = {
			isa = PBXGroup;
			children = (
				F61F088E222560BB00BF4E76 /* Task.swift */,
			);
			path = Model;
			sourceTree = "<group>";
		};
		F6A96F3721C921BE00DC0C66 = {
			isa = PBXGroup;
			children = (
				F6A96F4221C921BE00DC0C66 /* TimeTracker */,
				F6A96F4121C921BE00DC0C66 /* Products */,
				8B91F34775E7458C6C6632AA /* Pods */,
				166A64008384B2FEE00DE14E /* Frameworks */,
			);
			sourceTree = "<group>";
		};
		F6A96F4121C921BE00DC0C66 /* Products */ = {
			isa = PBXGroup;
			children = (
				F6A96F4021C921BE00DC0C66 /* TimeTracker.app */,
			);
			name = Products;
			sourceTree = "<group>";
		};
		F6A96F4221C921BE00DC0C66 /* TimeTracker */ = {
			isa = PBXGroup;
			children = (
				F61F088D2225608B00BF4E76 /* Model */,
				F6A96F5721C921F500DC0C66 /* Views */,
				F6A96F5621C921E500DC0C66 /* Resources */,
				F6A96F5521C921D300DC0C66 /* Supporting-Files */,
			);
			path = TimeTracker;
			sourceTree = "<group>";
		};
		F6A96F5521C921D300DC0C66 /* Supporting-Files */ = {
			isa = PBXGroup;
			children = (
				F6A96F4F21C921BE00DC0C66 /* Info.plist */,
				F6A96F4321C921BE00DC0C66 /* AppDelegate.swift */,
			);
			path = "Supporting-Files";
			sourceTree = "<group>";
		};
		F6A96F5621C921E500DC0C66 /* Resources */ = {
			isa = PBXGroup;
			children = (
				F6A96F4A21C921BE00DC0C66 /* Assets.xcassets */,
			);
			path = Resources;
			sourceTree = "<group>";
		};
		F6A96F5721C921F500DC0C66 /* Views */ = {
			isa = PBXGroup;
			children = (
				F6A96F4521C921BE00DC0C66 /* MenuViewController.swift */,
				F6E7ACB821F394E500AB8D28 /* TimerViewController.swift */,
				F6A96F4721C921BE00DC0C66 /* Main.storyboard */,
				F6A96F4C21C921BE00DC0C66 /* LaunchScreen.storyboard */,
			);
			path = Views;
			sourceTree = "<group>";
		};
/* End PBXGroup section */

/* Begin PBXNativeTarget section */
		F6A96F3F21C921BE00DC0C66 /* TimeTracker */ = {
			isa = PBXNativeTarget;
			buildConfigurationList = F6A96F5221C921BE00DC0C66 /* Build configuration list for PBXNativeTarget "TimeTracker" */;
			buildPhases = (
				EF81A7A4F8605B68FC075CBD /* [CP] Check Pods Manifest.lock */,
				F6A96F3C21C921BE00DC0C66 /* Sources */,
				F6A96F3D21C921BE00DC0C66 /* Frameworks */,
				F6A96F3E21C921BE00DC0C66 /* Resources */,
				98F260B60DA3067E4CA49E02 /* [CP] Embed Pods Frameworks */,
			);
			buildRules = (
			);
			dependencies = (
			);
			name = TimeTracker;
			productName = TimeTracker;
			productReference = F6A96F4021C921BE00DC0C66 /* TimeTracker.app */;
			productType = "com.apple.product-type.application";
		};
/* End PBXNativeTarget section */

/* Begin PBXProject section */
		F6A96F3821C921BE00DC0C66 /* Project object */ = {
			isa = PBXProject;
			attributes = {
				LastSwiftUpdateCheck = 0920;
				LastUpgradeCheck = 1010;
				ORGANIZATIONNAME = "Lewis Valaitis";
				TargetAttributes = {
					F6A96F3F21C921BE00DC0C66 = {
						CreatedOnToolsVersion = 9.2;
						LastSwiftMigration = 1010;
						ProvisioningStyle = Automatic;
					};
				};
			};
			buildConfigurationList = F6A96F3B21C921BE00DC0C66 /* Build configuration list for PBXProject "TimeTracker" */;
			compatibilityVersion = "Xcode 8.0";
			developmentRegion = en;
			hasScannedForEncodings = 0;
			knownRegions = (
				en,
				Base,
			);
			mainGroup = F6A96F3721C921BE00DC0C66;
			productRefGroup = F6A96F4121C921BE00DC0C66 /* Products */;
			projectDirPath = "";
			projectRoot = "";
			targets = (
				F6A96F3F21C921BE00DC0C66 /* TimeTracker */,
			);
		};
/* End PBXProject section */

/* Begin PBXResourcesBuildPhase section */
		F6A96F3E21C921BE00DC0C66 /* Resources */ = {
			isa = PBXResourcesBuildPhase;
			buildActionMask = 2147483647;
			files = (
				F6A96F4E21C921BE00DC0C66 /* LaunchScreen.storyboard in Resources */,
				F6A96F4B21C921BE00DC0C66 /* Assets.xcassets in Resources */,
				F6A96F4921C921BE00DC0C66 /* Main.storyboard in Resources */,
			);
			runOnlyForDeploymentPostprocessing = 0;
		};
/* End PBXResourcesBuildPhase section */

/* Begin PBXShellScriptBuildPhase section */
		98F260B60DA3067E4CA49E02 /* [CP] Embed Pods Frameworks */ = {
			isa = PBXShellScriptBuildPhase;
			buildActionMask = 2147483647;
			files = (
			);
			inputFileListPaths = (
			);
			inputPaths = (
				"${PODS_ROOT}/Target Support Files/Pods-TimeTracker/Pods-TimeTracker-frameworks.sh",
				"${BUILT_PRODUCTS_DIR}/Realm/Realm.framework",
				"${BUILT_PRODUCTS_DIR}/RealmSwift/RealmSwift.framework",
			);
			name = "[CP] Embed Pods Frameworks";
			outputFileListPaths = (
			);
			outputPaths = (
				"${TARGET_BUILD_DIR}/${FRAMEWORKS_FOLDER_PATH}/Realm.framework",
				"${TARGET_BUILD_DIR}/${FRAMEWORKS_FOLDER_PATH}/RealmSwift.framework",
			);
			runOnlyForDeploymentPostprocessing = 0;
			shellPath = /bin/sh;
			shellScript = "\"${PODS_ROOT}/Target Support Files/Pods-TimeTracker/Pods-TimeTracker-frameworks.sh\"\n";
			showEnvVarsInLog = 0;
		};
		EF81A7A4F8605B68FC075CBD /* [CP] Check Pods Manifest.lock */ = {
			isa = PBXShellScriptBuildPhase;
			buildActionMask = 2147483647;
			files = (
			);
			inputFileListPaths = (
			);
			inputPaths = (
				"${PODS_PODFILE_DIR_PATH}/Podfile.lock",
				"${PODS_ROOT}/Manifest.lock",
			);
			name = "[CP] Check Pods Manifest.lock";
			outputFileListPaths = (
			);
			outputPaths = (
				"$(DERIVED_FILE_DIR)/Pods-TimeTracker-checkManifestLockResult.txt",
			);
			runOnlyForDeploymentPostprocessing = 0;
			shellPath = /bin/sh;
			shellScript = "diff \"${PODS_PODFILE_DIR_PATH}/Podfile.lock\" \"${PODS_ROOT}/Manifest.lock\" > /dev/null\nif [ $? != 0 ] ; then\n    # print error to STDERR\n    echo \"error: The sandbox is not in sync with the Podfile.lock. Run 'pod install' or update your CocoaPods installation.\" >&2\n    exit 1\nfi\n# This output is used by Xcode 'outputs' to avoid re-running this script phase.\necho \"SUCCESS\" > \"${SCRIPT_OUTPUT_FILE_0}\"\n";
			showEnvVarsInLog = 0;
		};
/* End PBXShellScriptBuildPhase section */

/* Begin PBXSourcesBuildPhase section */
		F6A96F3C21C921BE00DC0C66 /* Sources */ = {
			isa = PBXSourcesBuildPhase;
			buildActionMask = 2147483647;
			files = (
				F61F088F222560BB00BF4E76 /* Task.swift in Sources */,
				F6A96F4621C921BE00DC0C66 /* MenuViewController.swift in Sources */,
				F6E7ACB921F394E500AB8D28 /* TimerViewController.swift in Sources */,
				F6A96F4421C921BE00DC0C66 /* AppDelegate.swift in Sources */,
			);
			runOnlyForDeploymentPostprocessing = 0;
		};
/* End PBXSourcesBuildPhase section */

/* Begin PBXVariantGroup section */
		F6A96F4721C921BE00DC0C66 /* Main.storyboard */ = {
			isa = PBXVariantGroup;
			children = (
				F6A96F4821C921BE00DC0C66 /* Base */,
			);
			name = Main.storyboard;
			sourceTree = "<group>";
		};
		F6A96F4C21C921BE00DC0C66 /* LaunchScreen.storyboard */ = {
			isa = PBXVariantGroup;
			children = (
				F6A96F4D21C921BE00DC0C66 /* Base */,
			);
			name = LaunchScreen.storyboard;
			sourceTree = "<group>";
		};
/* End PBXVariantGroup section */

/* Begin XCBuildConfiguration section */
		F6A96F5021C921BE00DC0C66 /* Debug */ = {
			isa = XCBuildConfiguration;
			buildSettings = {
				ALWAYS_SEARCH_USER_PATHS = NO;
				CLANG_ANALYZER_NONNULL = YES;
				CLANG_ANALYZER_NUMBER_OBJECT_CONVERSION = YES_AGGRESSIVE;
				CLANG_CXX_LANGUAGE_STANDARD = "gnu++14";
				CLANG_CXX_LIBRARY = "libc++";
				CLANG_ENABLE_MODULES = YES;
				CLANG_ENABLE_OBJC_ARC = YES;
				CLANG_WARN_BLOCK_CAPTURE_AUTORELEASING = YES;
				CLANG_WARN_BOOL_CONVERSION = YES;
				CLANG_WARN_COMMA = YES;
				CLANG_WARN_CONSTANT_CONVERSION = YES;
				CLANG_WARN_DEPRECATED_OBJC_IMPLEMENTATIONS = YES;
				CLANG_WARN_DIRECT_OBJC_ISA_USAGE = YES_ERROR;
				CLANG_WARN_DOCUMENTATION_COMMENTS = YES;
				CLANG_WARN_EMPTY_BODY = YES;
				CLANG_WARN_ENUM_CONVERSION = YES;
				CLANG_WARN_INFINITE_RECURSION = YES;
				CLANG_WARN_INT_CONVERSION = YES;
				CLANG_WARN_NON_LITERAL_NULL_CONVERSION = YES;
				CLANG_WARN_OBJC_IMPLICIT_RETAIN_SELF = YES;
				CLANG_WARN_OBJC_LITERAL_CONVERSION = YES;
				CLANG_WARN_OBJC_ROOT_CLASS = YES_ERROR;
				CLANG_WARN_RANGE_LOOP_ANALYSIS = YES;
				CLANG_WARN_STRICT_PROTOTYPES = YES;
				CLANG_WARN_SUSPICIOUS_MOVE = YES;
				CLANG_WARN_UNGUARDED_AVAILABILITY = YES_AGGRESSIVE;
				CLANG_WARN_UNREACHABLE_CODE = YES;
				CLANG_WARN__DUPLICATE_METHOD_MATCH = YES;
				CODE_SIGN_IDENTITY = "iPhone Developer";
				COPY_PHASE_STRIP = NO;
				DEBUG_INFORMATION_FORMAT = dwarf;
				ENABLE_STRICT_OBJC_MSGSEND = YES;
				ENABLE_TESTABILITY = YES;
				GCC_C_LANGUAGE_STANDARD = gnu11;
				GCC_DYNAMIC_NO_PIC = NO;
				GCC_NO_COMMON_BLOCKS = YES;
				GCC_OPTIMIZATION_LEVEL = 0;
				GCC_PREPROCESSOR_DEFINITIONS = (
					"DEBUG=1",
					"$(inherited)",
				);
				GCC_WARN_64_TO_32_BIT_CONVERSION = YES;
				GCC_WARN_ABOUT_RETURN_TYPE = YES_ERROR;
				GCC_WARN_UNDECLARED_SELECTOR = YES;
				GCC_WARN_UNINITIALIZED_AUTOS = YES_AGGRESSIVE;
				GCC_WARN_UNUSED_FUNCTION = YES;
				GCC_WARN_UNUSED_VARIABLE = YES;
				IPHONEOS_DEPLOYMENT_TARGET = 11.2;
				MTL_ENABLE_DEBUG_INFO = YES;
				ONLY_ACTIVE_ARCH = YES;
				SDKROOT = iphoneos;
				SWIFT_ACTIVE_COMPILATION_CONDITIONS = DEBUG;
				SWIFT_OPTIMIZATION_LEVEL = "-Onone";
			};
			name = Debug;
		};
		F6A96F5121C921BE00DC0C66 /* Release */ = {
			isa = XCBuildConfiguration;
			buildSettings = {
				ALWAYS_SEARCH_USER_PATHS = NO;
				CLANG_ANALYZER_NONNULL = YES;
				CLANG_ANALYZER_NUMBER_OBJECT_CONVERSION = YES_AGGRESSIVE;
				CLANG_CXX_LANGUAGE_STANDARD = "gnu++14";
				CLANG_CXX_LIBRARY = "libc++";
				CLANG_ENABLE_MODULES = YES;
				CLANG_ENABLE_OBJC_ARC = YES;
				CLANG_WARN_BLOCK_CAPTURE_AUTORELEASING = YES;
				CLANG_WARN_BOOL_CONVERSION = YES;
				CLANG_WARN_COMMA = YES;
				CLANG_WARN_CONSTANT_CONVERSION = YES;
				CLANG_WARN_DEPRECATED_OBJC_IMPLEMENTATIONS = YES;
				CLANG_WARN_DIRECT_OBJC_ISA_USAGE = YES_ERROR;
				CLANG_WARN_DOCUMENTATION_COMMENTS = YES;
				CLANG_WARN_EMPTY_BODY = YES;
				CLANG_WARN_ENUM_CONVERSION = YES;
				CLANG_WARN_INFINITE_RECURSION = YES;
				CLANG_WARN_INT_CONVERSION = YES;
				CLANG_WARN_NON_LITERAL_NULL_CONVERSION = YES;
				CLANG_WARN_OBJC_IMPLICIT_RETAIN_SELF = YES;
				CLANG_WARN_OBJC_LITERAL_CONVERSION = YES;
				CLANG_WARN_OBJC_ROOT_CLASS = YES_ERROR;
				CLANG_WARN_RANGE_LOOP_ANALYSIS = YES;
				CLANG_WARN_STRICT_PROTOTYPES = YES;
				CLANG_WARN_SUSPICIOUS_MOVE = YES;
				CLANG_WARN_UNGUARDED_AVAILABILITY = YES_AGGRESSIVE;
				CLANG_WARN_UNREACHABLE_CODE = YES;
				CLANG_WARN__DUPLICATE_METHOD_MATCH = YES;
				CODE_SIGN_IDENTITY = "iPhone Developer";
				COPY_PHASE_STRIP = NO;
				DEBUG_INFORMATION_FORMAT = "dwarf-with-dsym";
				ENABLE_NS_ASSERTIONS = NO;
				ENABLE_STRICT_OBJC_MSGSEND = YES;
				GCC_C_LANGUAGE_STANDARD = gnu11;
				GCC_NO_COMMON_BLOCKS = YES;
				GCC_WARN_64_TO_32_BIT_CONVERSION = YES;
				GCC_WARN_ABOUT_RETURN_TYPE = YES_ERROR;
				GCC_WARN_UNDECLARED_SELECTOR = YES;
				GCC_WARN_UNINITIALIZED_AUTOS = YES_AGGRESSIVE;
				GCC_WARN_UNUSED_FUNCTION = YES;
				GCC_WARN_UNUSED_VARIABLE = YES;
				IPHONEOS_DEPLOYMENT_TARGET = 11.2;
				MTL_ENABLE_DEBUG_INFO = NO;
				SDKROOT = iphoneos;
				SWIFT_OPTIMIZATION_LEVEL = "-Owholemodule";
				VALIDATE_PRODUCT = YES;
			};
			name = Release;
		};
		F6A96F5321C921BE00DC0C66 /* Debug */ = {
			isa = XCBuildConfiguration;
			baseConfigurationReference = F394A65AC16FE00BCB0664C1 /* Pods-TimeTracker.debug.xcconfig */;
			buildSettings = {
				ASSETCATALOG_COMPILER_APPICON_NAME = AppIcon;
				CODE_SIGN_STYLE = Automatic;
				INFOPLIST_FILE = "$(SRCROOT)/TimeTracker/Supporting-Files/Info.plist";
				LD_RUNPATH_SEARCH_PATHS = "$(inherited) @executable_path/Frameworks";
				PRODUCT_BUNDLE_IDENTIFIER = com.lewisvalaitis.TimeTracker;
				PRODUCT_NAME = "$(TARGET_NAME)";
				SWIFT_VERSION = 4.2;
				TARGETED_DEVICE_FAMILY = "1,2";
			};
			name = Debug;
		};
		F6A96F5421C921BE00DC0C66 /* Release */ = {
			isa = XCBuildConfiguration;
			baseConfigurationReference = 0A243273930487DE5DA7EADB /* Pods-TimeTracker.release.xcconfig */;
			buildSettings = {
				ASSETCATALOG_COMPILER_APPICON_NAME = AppIcon;
				CODE_SIGN_STYLE = Automatic;
				INFOPLIST_FILE = "$(SRCROOT)/TimeTracker/Supporting-Files/Info.plist";
				LD_RUNPATH_SEARCH_PATHS = "$(inherited) @executable_path/Frameworks";
				PRODUCT_BUNDLE_IDENTIFIER = com.lewisvalaitis.TimeTracker;
				PRODUCT_NAME = "$(TARGET_NAME)";
				SWIFT_VERSION = 4.2;
				TARGETED_DEVICE_FAMILY = "1,2";
			};
			name = Release;
		};
/* End XCBuildConfiguration section */

/* Begin XCConfigurationList section */
		F6A96F3B21C921BE00DC0C66 /* Build configuration list for PBXProject "TimeTracker" */ = {
			isa = XCConfigurationList;
			buildConfigurations = (
				F6A96F5021C921BE00DC0C66 /* Debug */,
				F6A96F5121C921BE00DC0C66 /* Release */,
			);
			defaultConfigurationIsVisible = 0;
			defaultConfigurationName = Release;
		};
		F6A96F5221C921BE00DC0C66 /* Build configuration list for PBXNativeTarget "TimeTracker" */ = {
			isa = XCConfigurationList;
			buildConfigurations = (
				F6A96F5321C921BE00DC0C66 /* Debug */,
				F6A96F5421C921BE00DC0C66 /* Release */,
			);
			defaultConfigurationIsVisible = 0;
			defaultConfigurationName = Release;
		};
/* End XCConfigurationList section */
	};
	rootObject = F6A96F3821C921BE00DC0C66 /* Project object */;
}
